
Microsoft Visual Studio Solution File, Format Version 12.00
# Visual Studio Version 16
VisualStudioVersion = 16.0.29318.209
MinimumVisualStudioVersion = 10.0.40219.1
Project("{FAE04EC0-301F-11D3-BF4B-00C04F79EFBC}") = "WPF_SL_Combined_Toolkit_WPF", "WPF_SL_Combined_Toolkit\WPF_SL_Combined_Toolkit_WPF.csproj", "{84FBB0E9-5414-4987-AD23-F572C9E569C1}"
EndProject
Project("{FAE04EC0-301F-11D3-BF4B-00C04F79EFBC}") = "WPF_Example", "WPF_Example\WPF_Example.csproj", "{C21E0627-D096-4294-A9BB-02548FA971C3}"
EndProject
Global
	GlobalSection(SolutionConfigurationPlatforms) = preSolution
		Debug|Any CPU = Debug|Any CPU
		Release|Any CPU = Release|Any CPU
	EndGlobalSection
	GlobalSection(ProjectConfigurationPlatforms) = postSolution
		{84FBB0E9-5414-4987-AD23-F572C9E569C1}.Debug|Any CPU.ActiveCfg = Debug|Any CPU
		{84FBB0E9-5414-4987-AD23-F572C9E569C1}.Debug|Any CPU.Build.0 = Debug|Any CPU
		{84FBB0E9-5414-4987-AD23-F572C9E569C1}.Release|Any CPU.ActiveCfg = Release|Any CPU
		{84FBB0E9-5414-4987-AD23-F572C9E569C1}.Release|Any CPU.Build.0 = Release|Any CPU
		{C21E0627-D096-4294-A9BB-02548FA971C3}.Debug|Any CPU.ActiveCfg = Debug|Any CPU
		{C21E0627-D096-4294-A9BB-02548FA971C3}.Debug|Any CPU.Build.0 = Debug|Any CPU
		{C21E0627-D096-4294-A9BB-02548FA971C3}.Release|Any CPU.ActiveCfg = Release|Any CPU
		{C21E0627-D096-4294-A9BB-02548FA971C3}.Release|Any CPU.Build.0 = Release|Any CPU
	EndGlobalSection
	GlobalSection(SolutionProperties) = preSolution
		HideSolutionNode = FALSE
	EndGlobalSection
	GlobalSection(ExtensibilityGlobals) = postSolution
		SolutionGuid = {CF6FD971-ED7B-43E4-85FC-4FDF4CCF10C0}
	EndGlobalSection
EndGlobal
